
Microsoft Visual Studio Solution File, Format Version 11.00
# Visual Studio 2010
Project("{FAE04EC0-301F-11D3-BF4B-00C04F79EFBC}") = "GluTessellator", "GluTessellator\GluTessellator.csproj", "{42EB3659-185E-42BE-9C73-002CC98CF343}"
EndProject
Project("{FAE04EC0-301F-11D3-BF4B-00C04F79EFBC}") = "CgTutorials", "CgTutorials\CgTutorials.csproj", "{45ABE648-199C-4E57-B82D-5A20608B014D}"
EndProject
Project("{FAE04EC0-301F-11D3-BF4B-00C04F79EFBC}") = "MogreScenic", "MogreScenic\MogreScenic.csproj", "{1DE70490-E064-4522-9CB7-3806ABEE9546}"
EndProject
Global
	GlobalSection(SolutionConfigurationPlatforms) = preSolution
		Debug|Any CPU = Debug|Any CPU
		Debug|Mixed Platforms = Debug|Mixed Platforms
		Debug|x86 = Debug|x86
		Release|Any CPU = Release|Any CPU
		Release|Mixed Platforms = Release|Mixed Platforms
		Release|x86 = Release|x86
	EndGlobalSection
	GlobalSection(ProjectConfigurationPlatforms) = postSolution
		{42EB3659-185E-42BE-9C73-002CC98CF343}.Debug|Any CPU.ActiveCfg = Debug|Any CPU
		{42EB3659-185E-42BE-9C73-002CC98CF343}.Debug|Any CPU.Build.0 = Debug|Any CPU
		{42EB3659-185E-42BE-9C73-002CC98CF343}.Debug|Mixed Platforms.ActiveCfg = Debug|Any CPU
		{42EB3659-185E-42BE-9C73-002CC98CF343}.Debug|Mixed Platforms.Build.0 = Debug|Any CPU
		{42EB3659-185E-42BE-9C73-002CC98CF343}.Debug|x86.ActiveCfg = Debug|Any CPU
		{42EB3659-185E-42BE-9C73-002CC98CF343}.Release|Any CPU.ActiveCfg = Release|Any CPU
		{42EB3659-185E-42BE-9C73-002CC98CF343}.Release|Any CPU.Build.0 = Release|Any CPU
		{42EB3659-185E-42BE-9C73-002CC98CF343}.Release|Mixed Platforms.ActiveCfg = Release|Any CPU
		{42EB3659-185E-42BE-9C73-002CC98CF343}.Release|Mixed Platforms.Build.0 = Release|Any CPU
		{42EB3659-185E-42BE-9C73-002CC98CF343}.Release|x86.ActiveCfg = Release|Any CPU
		{45ABE648-199C-4E57-B82D-5A20608B014D}.Debug|Any CPU.ActiveCfg = Debug|x86
		{45ABE648-199C-4E57-B82D-5A20608B014D}.Debug|Mixed Platforms.ActiveCfg = Debug|x86
		{45ABE648-199C-4E57-B82D-5A20608B014D}.Debug|Mixed Platforms.Build.0 = Debug|x86
		{45ABE648-199C-4E57-B82D-5A20608B014D}.Debug|x86.ActiveCfg = Debug|x86
		{45ABE648-199C-4E57-B82D-5A20608B014D}.Debug|x86.Build.0 = Debug|x86
		{45ABE648-199C-4E57-B82D-5A20608B014D}.Release|Any CPU.ActiveCfg = Release|x86
		{45ABE648-199C-4E57-B82D-5A20608B014D}.Release|Mixed Platforms.ActiveCfg = Release|x86
		{45ABE648-199C-4E57-B82D-5A20608B014D}.Release|Mixed Platforms.Build.0 = Release|x86
		{45ABE648-199C-4E57-B82D-5A20608B014D}.Release|x86.ActiveCfg = Release|x86
		{45ABE648-199C-4E57-B82D-5A20608B014D}.Release|x86.Build.0 = Release|x86
		{1DE70490-E064-4522-9CB7-3806ABEE9546}.Debug|Any CPU.ActiveCfg = Debug|Any CPU
		{1DE70490-E064-4522-9CB7-3806ABEE9546}.Debug|Any CPU.Build.0 = Debug|Any CPU
		{1DE70490-E064-4522-9CB7-3806ABEE9546}.Debug|Mixed Platforms.ActiveCfg = Debug|Any CPU
		{1DE70490-E064-4522-9CB7-3806ABEE9546}.Debug|Mixed Platforms.Build.0 = Debug|Any CPU
		{1DE70490-E064-4522-9CB7-3806ABEE9546}.Debug|x86.ActiveCfg = Debug|Any CPU
		{1DE70490-E064-4522-9CB7-3806ABEE9546}.Release|Any CPU.ActiveCfg = Release|Any CPU
		{1DE70490-E064-4522-9CB7-3806ABEE9546}.Release|Any CPU.Build.0 = Release|Any CPU
		{1DE70490-E064-4522-9CB7-3806ABEE9546}.Release|Mixed Platforms.ActiveCfg = Release|Any CPU
		{1DE70490-E064-4522-9CB7-3806ABEE9546}.Release|Mixed Platforms.Build.0 = Release|Any CPU
		{1DE70490-E064-4522-9CB7-3806ABEE9546}.Release|x86.ActiveCfg = Release|Any CPU
	EndGlobalSection
	GlobalSection(SolutionProperties) = preSolution
		HideSolutionNode = FALSE
	EndGlobalSection
EndGlobal
