
Microsoft Visual Studio Solution File, Format Version 10.00
# Visual C# Express 2008
Project("{FAE04EC0-301F-11D3-BF4B-00C04F79EFBC}") = "MogreGis", "MogreGis.csproj", "{A05E0942-E44D-46A7-A28D-AE780A3BDD1B}"
EndProject
Project("{FAE04EC0-301F-11D3-BF4B-00C04F79EFBC}") = "SharpMap", "..\..\DevExt\SharpMap-63790\Branches\2.0\SharpMap\SharpMap.csproj", "{C83777FC-AABB-47D9-911F-D76255D4D541}"
EndProject
Project("{FAE04EC0-301F-11D3-BF4B-00C04F79EFBC}") = "Sharp3D.Math", "..\..\DevExt\Sharp3D.Math\Main\Sharp3D.Math\Sharp3D.Math.csproj", "{8F9BA4D3-D6AF-42A6-B74F-0DF6568C148B}"
EndProject
Project("{FAE04EC0-301F-11D3-BF4B-00C04F79EFBC}") = "MogreGisSimple", "..\MogreGisSimple\MogreGisSimple.csproj", "{F0C83B53-9874-4E11-9A29-B7AF89053B5B}"
EndProject
Project("{FAE04EC0-301F-11D3-BF4B-00C04F79EFBC}") = "MogreGisProjects", "..\MogreGisProjects\MogreGisProjects.csproj", "{28BE9767-F3D9-42E1-BCC5-DA0C02DA0826}"
EndProject
Project("{FAE04EC0-301F-11D3-BF4B-00C04F79EFBC}") = "MainAppTest", "..\MainAppTest\MainAppTest.csproj", "{7D433BFD-62D3-4668-8306-6C21C331D682}"
EndProject
Global
	GlobalSection(SolutionConfigurationPlatforms) = preSolution
		Debug|Any CPU = Debug|Any CPU
		Release|Any CPU = Release|Any CPU
	EndGlobalSection
	GlobalSection(ProjectConfigurationPlatforms) = postSolution
		{A05E0942-E44D-46A7-A28D-AE780A3BDD1B}.Debug|Any CPU.ActiveCfg = Debug|Any CPU
		{A05E0942-E44D-46A7-A28D-AE780A3BDD1B}.Debug|Any CPU.Build.0 = Debug|Any CPU
		{A05E0942-E44D-46A7-A28D-AE780A3BDD1B}.Release|Any CPU.ActiveCfg = Release|Any CPU
		{A05E0942-E44D-46A7-A28D-AE780A3BDD1B}.Release|Any CPU.Build.0 = Release|Any CPU
		{C83777FC-AABB-47D9-911F-D76255D4D541}.Debug|Any CPU.ActiveCfg = Debug|Any CPU
		{C83777FC-AABB-47D9-911F-D76255D4D541}.Debug|Any CPU.Build.0 = Debug|Any CPU
		{C83777FC-AABB-47D9-911F-D76255D4D541}.Release|Any CPU.ActiveCfg = Release|Any CPU
		{C83777FC-AABB-47D9-911F-D76255D4D541}.Release|Any CPU.Build.0 = Release|Any CPU
		{8F9BA4D3-D6AF-42A6-B74F-0DF6568C148B}.Debug|Any CPU.ActiveCfg = Debug|Any CPU
		{8F9BA4D3-D6AF-42A6-B74F-0DF6568C148B}.Debug|Any CPU.Build.0 = Debug|Any CPU
		{8F9BA4D3-D6AF-42A6-B74F-0DF6568C148B}.Release|Any CPU.ActiveCfg = Release|Any CPU
		{8F9BA4D3-D6AF-42A6-B74F-0DF6568C148B}.Release|Any CPU.Build.0 = Release|Any CPU
		{F0C83B53-9874-4E11-9A29-B7AF89053B5B}.Debug|Any CPU.ActiveCfg = Debug|Any CPU
		{F0C83B53-9874-4E11-9A29-B7AF89053B5B}.Debug|Any CPU.Build.0 = Debug|Any CPU
		{F0C83B53-9874-4E11-9A29-B7AF89053B5B}.Release|Any CPU.ActiveCfg = Release|Any CPU
		{F0C83B53-9874-4E11-9A29-B7AF89053B5B}.Release|Any CPU.Build.0 = Release|Any CPU
		{28BE9767-F3D9-42E1-BCC5-DA0C02DA0826}.Debug|Any CPU.ActiveCfg = Debug|Any CPU
		{28BE9767-F3D9-42E1-BCC5-DA0C02DA0826}.Debug|Any CPU.Build.0 = Debug|Any CPU
		{28BE9767-F3D9-42E1-BCC5-DA0C02DA0826}.Release|Any CPU.ActiveCfg = Release|Any CPU
		{28BE9767-F3D9-42E1-BCC5-DA0C02DA0826}.Release|Any CPU.Build.0 = Release|Any CPU
		{7D433BFD-62D3-4668-8306-6C21C331D682}.Debug|Any CPU.ActiveCfg = Debug|Any CPU
		{7D433BFD-62D3-4668-8306-6C21C331D682}.Debug|Any CPU.Build.0 = Debug|Any CPU
		{7D433BFD-62D3-4668-8306-6C21C331D682}.Release|Any CPU.ActiveCfg = Release|Any CPU
		{7D433BFD-62D3-4668-8306-6C21C331D682}.Release|Any CPU.Build.0 = Release|Any CPU
	EndGlobalSection
	GlobalSection(SolutionProperties) = preSolution
		HideSolutionNode = FALSE
	EndGlobalSection
EndGlobal
